<?xml version="1.0" encoding="utf-8"?>
<Project ToolsVersion="4.0" xmlns="http://schemas.microsoft.com/developer/msbuild/2003">
  <ItemGroup>
    <Filter Include="소스 파일">
      <UniqueIdentifier>{4FC737F1-C7A5-4376-A066-2A32D752A2FF}</UniqueIdentifier>
      <Extensions>cpp;c;cc;cxx;def;odl;idl;hpj;bat;asm;asmx</Extensions>
    </Filter>
    <Filter Include="헤더 파일">
      <UniqueIdentifier>{93995380-89BD-4b04-88EB-625FBE52EBFB}</UniqueIdentifier>
      <Extensions>h;hh;hpp;hxx;hm;inl;inc;ipp;xsd</Extensions>
    </Filter>
    <Filter Include="리소스 파일">
      <UniqueIdentifier>{67DA6AB6-F800-4c08-8B7A-83BB121AAD01}</UniqueIdentifier>
      <Extensions>rc;ico;cur;bmp;dlg;rc2;rct;bin;rgs;gif;jpg;jpeg;jpe;resx;tiff;tif;png;wav;mfcribbon-ms</Extensions>
    </Filter>
  </ItemGroup>
  <ItemGroup>
    <ClCompile Include="2-N 순열 구하기.cpp">
      <Filter>소스 파일</Filter>
    </ClCompile>
    <ClCompile Include="17837 새로운게임2.cpp">
      <Filter>소스 파일</Filter>
    </ClCompile>
    <ClCompile Include="당구.cpp">
      <Filter>소스 파일</Filter>
    </ClCompile>
    <ClCompile Include="소스.cpp">
      <Filter>소스 파일</Filter>
    </ClCompile>
    <ClCompile Include="소스1.c">
      <Filter>소스 파일</Filter>
    </ClCompile>
    <ClCompile Include="카카오.cpp">
      <Filter>소스 파일</Filter>
    </ClCompile>
    <ClCompile Include="카카오2.cpp">
      <Filter>소스 파일</Filter>
    </ClCompile>
    <ClCompile Include="카카오3.cpp">
      <Filter>소스 파일</Filter>
    </ClCompile>
    <ClCompile Include="카카오4.cpp">
      <Filter>소스 파일</Filter>
    </ClCompile>
    <ClCompile Include="13913 숨바꼭질4.cpp">
      <Filter>소스 파일</Filter>
    </ClCompile>
    <ClCompile Include="18290 NM과 K(1).cpp">
      <Filter>소스 파일</Filter>
    </ClCompile>
    <ClCompile Include="18290 NM과 K(1)(프린트).cpp">
      <Filter>소스 파일</Filter>
    </ClCompile>
    <ClCompile Include="15653 구슬탈출4.cpp">
      <Filter>소스 파일</Filter>
    </ClCompile>
    <ClCompile Include="15653 구슬탈출4(프린트).cpp">
      <Filter>소스 파일</Filter>
    </ClCompile>
    <ClCompile Include="90905 1,2,3더하기.cpp">
      <Filter>소스 파일</Filter>
    </ClCompile>
    <ClCompile Include="90905 1,2,3더하기(프린트).cpp">
      <Filter>소스 파일</Filter>
    </ClCompile>
    <ClCompile Include="2210 숫자판 점프.cpp">
      <Filter>소스 파일</Filter>
    </ClCompile>
    <ClCompile Include="2210 숫자판 점프(프린트).cpp">
      <Filter>소스 파일</Filter>
    </ClCompile>
    <ClCompile Include="4991 로봇 청소기.cpp">
      <Filter>소스 파일</Filter>
    </ClCompile>
    <ClCompile Include="4991 로봇 청소기(프린트).cpp">
      <Filter>소스 파일</Filter>
    </ClCompile>
    <ClCompile Include="17837 새로운게임2(프린트).cpp">
      <Filter>소스 파일</Filter>
    </ClCompile>
    <ClCompile Include="16198 에너지 모으기.cpp">
      <Filter>소스 파일</Filter>
    </ClCompile>
    <ClCompile Include="16946 벽 부수고 이동하기4(프린트).cpp">
      <Filter>소스 파일</Filter>
    </ClCompile>
    <ClCompile Include="16946 벽 부수고 이동하기4.cpp">
      <Filter>소스 파일</Filter>
    </ClCompile>
    <ClCompile Include="16987 계란으로 계란치기(프린트).cpp">
      <Filter>소스 파일</Filter>
    </ClCompile>
    <ClCompile Include="16987 계란으로 계란치기.cpp">
      <Filter>소스 파일</Filter>
    </ClCompile>
    <ClCompile Include="17143 낚시왕(프린트).cpp">
      <Filter>소스 파일</Filter>
    </ClCompile>
    <ClCompile Include="17143 낚시왕.cpp">
      <Filter>소스 파일</Filter>
    </ClCompile>
    <ClCompile Include="17825 주사위 윷놀이.cpp">
      <Filter>소스 파일</Filter>
    </ClCompile>
  </ItemGroup>
</Project>